{
  "name": "owot-terminal",
  "version": "1.0.0",
  "lockfileVersion": 3,
  "requires": true,
  "packages": {
    "": {
      "name": "owot-terminal",
      "version": "1.0.0",
      "license": "ISC",
      "dependencies": {
        "json5": "^2.2.3",
        "simple-owot-bot": "^3.2.0",
        "stringz": "^2.1.0"
      }
    },
    "node_modules/char-regex": {
      "version": "1.0.2",
      "resolved": "https://registry.npmjs.org/char-regex/-/char-regex-1.0.2.tgz",
      "integrity": "sha512-kWWXztvZ5SBQV+eRgKFeh8q5sLuZY2+8WUIzlxWVTg+oGwY14qylx1KbKzHd8P6ZYkAg0xyIDU9JMHhyJMZ1jw==",
      "engines": {
        "node": ">=10"
      }
    },
    "node_modules/json5": {
      "version": "2.2.3",
      "resolved": "https://registry.npmjs.org/json5/-/json5-2.2.3.tgz",
      "integrity": "sha512-XmOWe7eyHYH14cLdVPoyg+GOH3rYX++KpzrylJwSW98t3Nk+U8XOl8FWKOgwtzdb8lXGf6zYwDUzeHMWfxasyg==",
      "bin": {
        "json5": "lib/cli.js"
      },
      "engines": {
        "node": ">=6"
      }
    },
    "node_modules/simple-owot-bot": {
      "version": "3.2.0",
      "resolved": "https://registry.npmjs.org/simple-owot-bot/-/simple-owot-bot-3.2.0.tgz",
      "integrity": "sha512-c6pqFiuFka5K3dYpKFWSpyviXIJnUSkBcQaOeOUl2Te6xV7tn4ayTtuQBj2koQ2haQxQjGG4VJfJ8kHXHFshYQ==",
      "dependencies": {
        "ws": "^8.18.0"
      }
    },
    "node_modules/stringz": {
      "version": "2.1.0",
      "resolved": "https://registry.npmjs.org/stringz/-/stringz-2.1.0.tgz",
      "integrity": "sha512-KlywLT+MZ+v0IRepfMxRtnSvDCMc3nR1qqCs3m/qIbSOWkNZYT8XHQA31rS3TnKp0c5xjZu3M4GY/2aRKSi/6A==",
      "dependencies": {
        "char-regex": "^1.0.2"
      }
    },
    "node_modules/ws": {
      "version": "8.18.3",
      "resolved": "https://registry.npmjs.org/ws/-/ws-8.18.3.tgz",
      "integrity": "sha512-PEIGCY5tSlUt50cqyMXfCzX+oOPqN0vuGqWzbcJ2xvnkzkq46oOpz7dQaTDBdfICb4N14+GARUDw2XV2N4tvzg==",
      "engines": {
        "node": ">=10.0.0"
      },
      "peerDependencies": {
        "bufferutil": "^4.0.1",
        "utf-8-validate": ">=5.0.2"
      },
      "peerDependenciesMeta": {
        "bufferutil": {
          "optional": true
        },
        "utf-8-validate": {
          "optional": true
        }
      }
    }
  }
}
